
Microsoft Visual Studio Solution File, Format Version 12.00
# Visual Studio Version 16
VisualStudioVersion = 16.0.29411.108
MinimumVisualStudioVersion = 10.0.40219.1
Project("{FAE04EC0-301F-11D3-BF4B-00C04F79EFBC}") = "Calculator", "Calculator.csproj", "{577E9387-1EC3-41BF-9F12-EDB973F91173}"
EndProject
Global
	GlobalSection(SolutionConfigurationPlatforms) = preSolution
		Debug|Any CPU = Debug|Any CPU
		Release|Any CPU = Release|Any CPU
	EndGlobalSection
	GlobalSection(ProjectConfigurationPlatforms) = postSolution
		{577E9387-1EC3-41BF-9F12-EDB973F91173}.Debug|Any CPU.ActiveCfg = Debug|Any CPU
		{577E9387-1EC3-41BF-9F12-EDB973F91173}.Debug|Any CPU.Build.0 = Debug|Any CPU
		{577E9387-1EC3-41BF-9F12-EDB973F91173}.Release|Any CPU.ActiveCfg = Release|Any CPU
		{577E9387-1EC3-41BF-9F12-EDB973F91173}.Release|Any CPU.Build.0 = Release|Any CPU
	EndGlobalSection
	GlobalSection(SolutionProperties) = preSolution
		HideSolutionNode = FALSE
	EndGlobalSection
	GlobalSection(ExtensibilityGlobals) = postSolution
		SolutionGuid = {0CEA32DA-2149-464D-A03E-9A38E8199BC2}
	EndGlobalSection
EndGlobal
